# THIS IS AN AUTOGENERATED FILE. DO NOT EDIT THIS FILE DIRECTLY.
# yarn lockfile v1


"@floating-ui/core@^1.6.0":
  version "1.6.8"
  resolved "https://registry.yarnpkg.com/@floating-ui/core/-/core-1.6.8.tgz#aa43561be075815879305965020f492cdb43da12"
  integrity sha512-7XJ9cPU+yI2QeLS+FCSlqNFZJq8arvswefkZrYI1yQBbftw6FyrZOxYSh+9S7z7TpeWlRt9zJ5IhM1WIL334jA==
  dependencies:
    "@floating-ui/utils" "^0.2.8"

"@floating-ui/dom@^1.0.0":
  version "1.6.12"
  resolved "https://registry.yarnpkg.com/@floating-ui/dom/-/dom-1.6.12.tgz#6333dcb5a8ead3b2bf82f33d6bc410e95f54e556"
  integrity sha512-NP83c0HjokcGVEMeoStg317VD9W7eDlGK7457dMBANbKA6GJZdc7rjujdgqzTaz93jkGgc5P/jeWbaCHnMNc+w==
  dependencies:
    "@floating-ui/core" "^1.6.0"
    "@floating-ui/utils" "^0.2.8"

"@floating-ui/react-dom@^2.1.2":
  version "2.1.2"
  resolved "https://registry.yarnpkg.com/@floating-ui/react-dom/-/react-dom-2.1.2.tgz#a1349bbf6a0e5cb5ded55d023766f20a4d439a31"
  integrity sha512-06okr5cgPzMNBy+Ycse2A6udMi4bqwW/zgBF/rwjcNqWkyr82Mcg8b0vjX8OJpZFy/FKjJmw6wV7t44kK6kW7A==
  dependencies:
    "@floating-ui/dom" "^1.0.0"

"@floating-ui/react@^0.26.23":
  version "0.26.28"
  resolved "https://registry.yarnpkg.com/@floating-ui/react/-/react-0.26.28.tgz#93f44ebaeb02409312e9df9507e83aab4a8c0dc7"
  integrity sha512-yORQuuAtVpiRjpMhdc0wJj06b9JFjrYF4qp96j++v2NBpbi6SEGF7donUJ3TMieerQ6qVkAv1tgr7L4r5roTqw==
  dependencies:
    "@floating-ui/react-dom" "^2.1.2"
    "@floating-ui/utils" "^0.2.8"
    tabbable "^6.0.0"

"@floating-ui/utils@^0.2.8":
  version "0.2.8"
  resolved "https://registry.yarnpkg.com/@floating-ui/utils/-/utils-0.2.8.tgz#21a907684723bbbaa5f0974cf7730bd797eb8e62"
  integrity sha512-kym7SodPp8/wloecOpcmSnWJsK7M0E5Wg8UcFA+uO4B9s5d0ywXOEro/8HM9x0rW+TljRzul/14UYz3TleT3ig==

"@foliojs-fork/fontkit@^1.9.2":
  version "1.9.2"
  resolved "https://registry.yarnpkg.com/@foliojs-fork/fontkit/-/fontkit-1.9.2.tgz#94241c195bc6204157bc84c33f34bdc967eca9c3"
  integrity sha512-IfB5EiIb+GZk+77TRB86AHroVaqfq8JRFlUbz0WEwsInyCG0epX2tCPOy+UfaWPju30DeVoUAXfzWXmhn753KA==
  dependencies:
    "@foliojs-fork/restructure" "^2.0.2"
    brotli "^1.2.0"
    clone "^1.0.4"
    deep-equal "^1.0.0"
    dfa "^1.2.0"
    tiny-inflate "^1.0.2"
    unicode-properties "^1.2.2"
    unicode-trie "^2.0.0"

"@foliojs-fork/linebreak@^1.1.1", "@foliojs-fork/linebreak@^1.1.2":
  version "1.1.2"
  resolved "https://registry.yarnpkg.com/@foliojs-fork/linebreak/-/linebreak-1.1.2.tgz#32fee03d5431fa73284373439e172e451ae1e2da"
  integrity sha512-ZPohpxxbuKNE0l/5iBJnOAfUaMACwvUIKCvqtWGKIMv1lPYoNjYXRfhi9FeeV9McBkBLxsMFWTVVhHJA8cyzvg==
  dependencies:
    base64-js "1.3.1"
    unicode-trie "^2.0.0"

"@foliojs-fork/pdfkit@^0.15.2":
  version "0.15.2"
  resolved "https://registry.yarnpkg.com/@foliojs-fork/pdfkit/-/pdfkit-0.15.2.tgz#6dbe57ed45f1dc022d0219f3810071b9007e347e"
  integrity sha512-Wpj6BH4DGn+zAWmCk9agdbAw3Zxt+MpemjssLfYdnretWpZ014uR6Zo51E4ftVP75UA8a7mtt4TiCu09lIKsBw==
  dependencies:
    "@foliojs-fork/fontkit" "^1.9.2"
    "@foliojs-fork/linebreak" "^1.1.1"
    crypto-js "^4.2.0"
    jpeg-exif "^1.1.4"
    png-js "^1.0.0"

"@foliojs-fork/restructure@^2.0.2":
  version "2.0.2"
  resolved "https://registry.yarnpkg.com/@foliojs-fork/restructure/-/restructure-2.0.2.tgz#73759aba2aff1da87b7c4554e6839c70d43c92b4"
  integrity sha512-59SgoZ3EXbkfSX7b63tsou/SDGzwUEK6MuB5sKqgVK1/XE0fxmpsOb9DQI8LXW3KfGnAjImCGhhEb7uPPAUVNA==

base64-js@1.3.1:
  version "1.3.1"
  resolved "https://registry.yarnpkg.com/base64-js/-/base64-js-1.3.1.tgz#58ece8cb75dd07e71ed08c736abc5fac4dbf8df1"
  integrity sha512-mLQ4i2QO1ytvGWFWmcngKO//JXAQueZvwEKtjgQFM4jIK0kU+ytMfplL8j+n5mspOfjHwoAg+9yhb7BwAHm36g==

base64-js@^1.1.2, base64-js@^1.3.0:
  version "1.5.1"
  resolved "https://registry.yarnpkg.com/base64-js/-/base64-js-1.5.1.tgz#1b1b440160a5bf7ad40b650f095963481903930a"
  integrity sha512-AKpaYlHn8t4SVbOHCy+b5+KKgvR4vrsD8vbvrbiQJps7fKDTkjkDry6ji0rUJjC0kzbNePLwzxq8iypo41qeWA==

brotli@^1.2.0:
  version "1.3.3"
  resolved "https://registry.yarnpkg.com/brotli/-/brotli-1.3.3.tgz#7365d8cc00f12cf765d2b2c898716bcf4b604d48"
  integrity sha512-oTKjJdShmDuGW94SyyaoQvAjf30dZaHnjJ8uAF+u2/vGJkJbJPJAT1gDiOJP5v1Zb6f9KEyW/1HpuaWIXtGHPg==
  dependencies:
    base64-js "^1.1.2"

call-bind-apply-helpers@^1.0.0, call-bind-apply-helpers@^1.0.1:
  version "1.0.1"
  resolved "https://registry.yarnpkg.com/call-bind-apply-helpers/-/call-bind-apply-helpers-1.0.1.tgz#32e5892e6361b29b0b545ba6f7763378daca2840"
  integrity sha512-BhYE+WDaywFg2TBWYNXAE+8B1ATnThNBqXHP5nQu0jWJdVvY2hvkpyB3qOmtmDePiS5/BDQ8wASEWGMWRG148g==
  dependencies:
    es-errors "^1.3.0"
    function-bind "^1.1.2"

call-bind@^1.0.7:
  version "1.0.8"
  resolved "https://registry.yarnpkg.com/call-bind/-/call-bind-1.0.8.tgz#0736a9660f537e3388826f440d5ec45f744eaa4c"
  integrity sha512-oKlSFMcMwpUg2ednkhQ454wfWiU/ul3CkJe/PEHcTKuiX6RpbehUiFMXu13HalGZxfUwCQzZG747YXBn1im9ww==
  dependencies:
    call-bind-apply-helpers "^1.0.0"
    es-define-property "^1.0.0"
    get-intrinsic "^1.2.4"
    set-function-length "^1.2.2"

call-bound@^1.0.2:
  version "1.0.3"
  resolved "https://registry.yarnpkg.com/call-bound/-/call-bound-1.0.3.tgz#41cfd032b593e39176a71533ab4f384aa04fd681"
  integrity sha512-YTd+6wGlNlPxSuri7Y6X8tY2dmm12UMH66RpKMhiX6rsk5wXXnYgbUcOt8kiS31/AjfoTOvCsE+w8nZQLQnzHA==
  dependencies:
    call-bind-apply-helpers "^1.0.1"
    get-intrinsic "^1.2.6"

clone@^1.0.4:
  version "1.0.4"
  resolved "https://registry.yarnpkg.com/clone/-/clone-1.0.4.tgz#da309cc263df15994c688ca902179ca3c7cd7c7e"
  integrity sha512-JQHZ2QMW6l3aH/j6xCqQThY/9OH4D/9ls34cgkUBiEeocRTU04tHfKPBsUK1PqZCUQM7GiA0IIXJSuXHI64Kbg==

clsx@^2.1.1:
  version "2.1.1"
  resolved "https://registry.yarnpkg.com/clsx/-/clsx-2.1.1.tgz#eed397c9fd8bd882bfb18deab7102049a2f32999"
  integrity sha512-eYm0QWBtUrBWZWG0d386OGAw16Z995PiOVo2B7bjWSbHedGl5e0ZWaq65kOGgUSNesEIDkB9ISbTg/JK9dhCZA==

crypto-js@^4.2.0:
  version "4.2.0"
  resolved "https://registry.yarnpkg.com/crypto-js/-/crypto-js-4.2.0.tgz#4d931639ecdfd12ff80e8186dba6af2c2e856631"
  integrity sha512-KALDyEYgpY+Rlob/iriUtjV6d5Eq+Y191A5g4UqLAi8CyGP9N1+FdVbkc1SxKc2r4YAYqG8JzO2KGL+AizD70Q==

date-fns@^3.6.0:
  version "3.6.0"
  resolved "https://registry.yarnpkg.com/date-fns/-/date-fns-3.6.0.tgz#f20ca4fe94f8b754951b24240676e8618c0206bf"
  integrity sha512-fRHTG8g/Gif+kSh50gaGEdToemgfj74aRX3swtiouboip5JDLAyDE9F11nHMIcvOaXeOC6D7SpNhi7uFyB7Uww==

date-fns@^4.1.0:
  version "4.1.0"
  resolved "https://registry.yarnpkg.com/date-fns/-/date-fns-4.1.0.tgz#64b3d83fff5aa80438f5b1a633c2e83b8a1c2d14"
  integrity sha512-Ukq0owbQXxa/U3EGtsdVBkR1w7KOQ5gIBqdH2hkvknzZPYvBxb/aa6E8L7tmjFtkwZBu3UXBbjIgPo/Ez4xaNg==

deep-equal@^1.0.0:
  version "1.1.2"
  resolved "https://registry.yarnpkg.com/deep-equal/-/deep-equal-1.1.2.tgz#78a561b7830eef3134c7f6f3a3d6af272a678761"
  integrity sha512-5tdhKF6DbU7iIzrIOa1AOUt39ZRm13cmL1cGEh//aqR8x9+tNfbywRf0n5FD/18OKMdo7DNEtrX2t22ZAkI+eg==
  dependencies:
    is-arguments "^1.1.1"
    is-date-object "^1.0.5"
    is-regex "^1.1.4"
    object-is "^1.1.5"
    object-keys "^1.1.1"
    regexp.prototype.flags "^1.5.1"

define-data-property@^1.0.1, define-data-property@^1.1.4:
  version "1.1.4"
  resolved "https://registry.yarnpkg.com/define-data-property/-/define-data-property-1.1.4.tgz#894dc141bb7d3060ae4366f6a0107e68fbe48c5e"
  integrity sha512-rBMvIzlpA8v6E+SJZoo++HAYqsLrkg7MSfIinMPFhmkorw7X+dOXVJQs+QT69zGkzMyfDnIMN2Wid1+NbL3T+A==
  dependencies:
    es-define-property "^1.0.0"
    es-errors "^1.3.0"
    gopd "^1.0.1"

define-properties@^1.2.1:
  version "1.2.1"
  resolved "https://registry.yarnpkg.com/define-properties/-/define-properties-1.2.1.tgz#10781cc616eb951a80a034bafcaa7377f6af2b6c"
  integrity sha512-8QmQKqEASLd5nx0U1B1okLElbUuuttJ/AnYmRXbbbGDWh6uS208EjD4Xqq/I9wK7u0v6O08XhTWnt5XtEbR6Dg==
  dependencies:
    define-data-property "^1.0.1"
    has-property-descriptors "^1.0.0"
    object-keys "^1.1.1"

dfa@^1.2.0:
  version "1.2.0"
  resolved "https://registry.yarnpkg.com/dfa/-/dfa-1.2.0.tgz#96ac3204e2d29c49ea5b57af8d92c2ae12790657"
  integrity sha512-ED3jP8saaweFTjeGX8HQPjeC1YYyZs98jGNZx6IiBvxW7JG5v492kamAQB3m2wop07CvU/RQmzcKr6bgcC5D/Q==

dunder-proto@^1.0.0:
  version "1.0.0"
  resolved "https://registry.yarnpkg.com/dunder-proto/-/dunder-proto-1.0.0.tgz#c2fce098b3c8f8899554905f4377b6d85dabaa80"
  integrity sha512-9+Sj30DIu+4KvHqMfLUGLFYL2PkURSYMVXJyXe92nFRvlYq5hBjLEhblKB+vkd/WVlUYMWigiY07T91Fkk0+4A==
  dependencies:
    call-bind-apply-helpers "^1.0.0"
    es-errors "^1.3.0"
    gopd "^1.2.0"

es-define-property@^1.0.0, es-define-property@^1.0.1:
  version "1.0.1"
  resolved "https://registry.yarnpkg.com/es-define-property/-/es-define-property-1.0.1.tgz#983eb2f9a6724e9303f61addf011c72e09e0b0fa"
  integrity sha512-e3nRfgfUZ4rNGL232gUgX06QNyyez04KdjFrF+LTRoOXmrOgFKDg4BCdsjW8EnT69eqdYGmRpJwiPVYNrCaW3g==

es-errors@^1.3.0:
  version "1.3.0"
  resolved "https://registry.yarnpkg.com/es-errors/-/es-errors-1.3.0.tgz#05f75a25dab98e4fb1dcd5e1472c0546d5057c8f"
  integrity sha512-Zf5H2Kxt2xjTvbJvP2ZWLEICxA6j+hAmMzIlypy4xcBg1vKVnx89Wy0GbS+kf5cwCVFFzdCFh2XSCFNULS6csw==

es-object-atoms@^1.0.0:
  version "1.0.0"
  resolved "https://registry.yarnpkg.com/es-object-atoms/-/es-object-atoms-1.0.0.tgz#ddb55cd47ac2e240701260bc2a8e31ecb643d941"
  integrity sha512-MZ4iQ6JwHOBQjahnjwaC1ZtIBH+2ohjamzAO3oaHcXYup7qxjF2fixyH+Q71voWHeOkI2q/TnJao/KfXYIZWbw==
  dependencies:
    es-errors "^1.3.0"

function-bind@^1.1.2:
  version "1.1.2"
  resolved "https://registry.yarnpkg.com/function-bind/-/function-bind-1.1.2.tgz#2c02d864d97f3ea6c8830c464cbd11ab6eab7a1c"
  integrity sha512-7XHNxH7qX9xG5mIwxkhumTox/MIRNcOgDrxWsMt2pAr23WHp6MrRlN7FBSFpCpr+oVO0F744iUgR82nJMfG2SA==

functions-have-names@^1.2.3:
  version "1.2.3"
  resolved "https://registry.yarnpkg.com/functions-have-names/-/functions-have-names-1.2.3.tgz#0404fe4ee2ba2f607f0e0ec3c80bae994133b834"
  integrity sha512-xckBUXyTIqT97tq2x2AMb+g163b5JFysYk0x4qxNFwbfQkmNZoiRHb6sPzI9/QV33WeuvVYBUIiD4NzNIyqaRQ==

get-intrinsic@^1.2.4, get-intrinsic@^1.2.6:
  version "1.2.6"
  resolved "https://registry.yarnpkg.com/get-intrinsic/-/get-intrinsic-1.2.6.tgz#43dd3dd0e7b49b82b2dfcad10dc824bf7fc265d5"
  integrity sha512-qxsEs+9A+u85HhllWJJFicJfPDhRmjzoYdl64aMWW9yRIJmSyxdn8IEkuIM530/7T+lv0TIHd8L6Q/ra0tEoeA==
  dependencies:
    call-bind-apply-helpers "^1.0.1"
    dunder-proto "^1.0.0"
    es-define-property "^1.0.1"
    es-errors "^1.3.0"
    es-object-atoms "^1.0.0"
    function-bind "^1.1.2"
    gopd "^1.2.0"
    has-symbols "^1.1.0"
    hasown "^2.0.2"
    math-intrinsics "^1.0.0"

gopd@^1.0.1, gopd@^1.2.0:
  version "1.2.0"
  resolved "https://registry.yarnpkg.com/gopd/-/gopd-1.2.0.tgz#89f56b8217bdbc8802bd299df6d7f1081d7e51a1"
  integrity sha512-ZUKRh6/kUFoAiTAtTYPZJ3hw9wNxx+BIBOijnlG9PnrJsCcSjs1wyyD6vJpaYtgnzDrKYRSqf3OO6Rfa93xsRg==

has-property-descriptors@^1.0.0, has-property-descriptors@^1.0.2:
  version "1.0.2"
  resolved "https://registry.yarnpkg.com/has-property-descriptors/-/has-property-descriptors-1.0.2.tgz#963ed7d071dc7bf5f084c5bfbe0d1b6222586854"
  integrity sha512-55JNKuIW+vq4Ke1BjOTjM2YctQIvCT7GFzHwmfZPGo5wnrgkid0YQtnAleFSqumZm4az3n2BS+erby5ipJdgrg==
  dependencies:
    es-define-property "^1.0.0"

has-symbols@^1.0.3, has-symbols@^1.1.0:
  version "1.1.0"
  resolved "https://registry.yarnpkg.com/has-symbols/-/has-symbols-1.1.0.tgz#fc9c6a783a084951d0b971fe1018de813707a338"
  integrity sha512-1cDNdwJ2Jaohmb3sg4OmKaMBwuC48sYni5HUw2DvsC8LjGTLK9h+eb1X6RyuOHe4hT0ULCW68iomhjUoKUqlPQ==

has-tostringtag@^1.0.2:
  version "1.0.2"
  resolved "https://registry.yarnpkg.com/has-tostringtag/-/has-tostringtag-1.0.2.tgz#2cdc42d40bef2e5b4eeab7c01a73c54ce7ab5abc"
  integrity sha512-NqADB8VjPFLM2V0VvHUewwwsw0ZWBaIdgo+ieHtK3hasLz4qeCRjYcqfB6AQrBggRKppKF8L52/VqdVsO47Dlw==
  dependencies:
    has-symbols "^1.0.3"

hasown@^2.0.2:
  version "2.0.2"
  resolved "https://registry.yarnpkg.com/hasown/-/hasown-2.0.2.tgz#003eaf91be7adc372e84ec59dc37252cedb80003"
  integrity sha512-0hJU9SCPvmMzIBdZFqNPXWa6dqh7WdH0cII9y+CyS8rG3nL48Bclra9HmKhVVUHyPWNH5Y7xDwAB7bfgSjkUMQ==
  dependencies:
    function-bind "^1.1.2"

iconv-lite@^0.6.3:
  version "0.6.3"
  resolved "https://registry.yarnpkg.com/iconv-lite/-/iconv-lite-0.6.3.tgz#a52f80bf38da1952eb5c681790719871a1a72501"
  integrity sha512-4fCk79wshMdzMp2rH06qWrJE4iolqLhCUH+OiuIgU++RB0+94NlDL81atO7GX55uUKueo0txHNtvEyI6D7WdMw==
  dependencies:
    safer-buffer ">= 2.1.2 < 3.0.0"

invariant@^2.2.4:
  version "2.2.4"
  resolved "https://registry.yarnpkg.com/invariant/-/invariant-2.2.4.tgz#610f3c92c9359ce1db616e538008d23ff35158e6"
  integrity sha512-phJfQVBuaJM5raOpJjSfkiD6BpbCE4Ns//LaXl6wGYtUBY83nWS6Rf9tXm2e8VaK60JEjYldbPif/A2B1C2gNA==
  dependencies:
    loose-envify "^1.0.0"

is-arguments@^1.1.1:
  version "1.2.0"
  resolved "https://registry.yarnpkg.com/is-arguments/-/is-arguments-1.2.0.tgz#ad58c6aecf563b78ef2bf04df540da8f5d7d8e1b"
  integrity sha512-7bVbi0huj/wrIAOzb8U1aszg9kdi3KN/CyU19CTI7tAoZYEZoL9yCDXpbXN+uPsuWnP02cyug1gleqq+TU+YCA==
  dependencies:
    call-bound "^1.0.2"
    has-tostringtag "^1.0.2"

is-date-object@^1.0.5:
  version "1.1.0"
  resolved "https://registry.yarnpkg.com/is-date-object/-/is-date-object-1.1.0.tgz#ad85541996fc7aa8b2729701d27b7319f95d82f7"
  integrity sha512-PwwhEakHVKTdRNVOw+/Gyh0+MzlCl4R6qKvkhuvLtPMggI1WAHt9sOwZxQLSGpUaDnrdyDsomoRgNnCfKNSXXg==
  dependencies:
    call-bound "^1.0.2"
    has-tostringtag "^1.0.2"

is-regex@^1.1.4:
  version "1.2.1"
  resolved "https://registry.yarnpkg.com/is-regex/-/is-regex-1.2.1.tgz#76d70a3ed10ef9be48eb577887d74205bf0cad22"
  integrity sha512-MjYsKHO5O7mCsmRGxWcLWheFqN9DJ/2TmngvjKXihe6efViPqc274+Fx/4fYj/r03+ESvBdTXK0V6tA3rgez1g==
  dependencies:
    call-bound "^1.0.2"
    gopd "^1.2.0"
    has-tostringtag "^1.0.2"
    hasown "^2.0.2"

jpeg-exif@^1.1.4:
  version "1.1.4"
  resolved "https://registry.yarnpkg.com/jpeg-exif/-/jpeg-exif-1.1.4.tgz#781a65b6cd74f62cb1c493511020f8d3577a1c2b"
  integrity sha512-a+bKEcCjtuW5WTdgeXFzswSrdqi0jk4XlEtZlx5A94wCoBpFjfFTbo/Tra5SpNCl/YFZPvcV1dJc+TAYeg6ROQ==

"js-tokens@^3.0.0 || ^4.0.0":
  version "4.0.0"
  resolved "https://registry.yarnpkg.com/js-tokens/-/js-tokens-4.0.0.tgz#19203fb59991df98e3a287050d4647cdeaf32499"
  integrity sha512-RdJUflcE3cUzKiMqQgsCu06FPu9UdIJO0beYbPhHN4k6apgJtifcoCtT9bcxOpYBtpD2kCM6Sbzg4CausW/PKQ==

loose-envify@^1.0.0, loose-envify@^1.4.0:
  version "1.4.0"
  resolved "https://registry.yarnpkg.com/loose-envify/-/loose-envify-1.4.0.tgz#71ee51fa7be4caec1a63839f7e682d8132d30caf"
  integrity sha512-lyuxPGr/Wfhrlem2CL/UcnUc1zcqKAImBDzukY7Y5F/yQiNdko6+fRLevlw1HgMySw7f611UIY408EtxRSoK3Q==
  dependencies:
    js-tokens "^3.0.0 || ^4.0.0"

math-intrinsics@^1.0.0:
  version "1.0.0"
  resolved "https://registry.yarnpkg.com/math-intrinsics/-/math-intrinsics-1.0.0.tgz#4e04bf87c85aa51e90d078dac2252b4eb5260817"
  integrity sha512-4MqMiKP90ybymYvsut0CH2g4XWbfLtmlCkXmtmdcDCxNB+mQcu1w/1+L/VD7vi/PSv7X2JYV7SCcR+jiPXnQtA==

object-assign@^4.1.1:
  version "4.1.1"
  resolved "https://registry.yarnpkg.com/object-assign/-/object-assign-4.1.1.tgz#2109adc7965887cfc05cbbd442cac8bfbb360863"
  integrity sha512-rJgTQnkUnH1sFw8yT6VSU3zD3sWmu6sZhIseY8VX+GRu3P6F7Fu+JNDoXfklElbLJSnc3FUQHVe4cU5hj+BcUg==

object-is@^1.1.5:
  version "1.1.6"
  resolved "https://registry.yarnpkg.com/object-is/-/object-is-1.1.6.tgz#1a6a53aed2dd8f7e6775ff870bea58545956ab07"
  integrity sha512-F8cZ+KfGlSGi09lJT7/Nd6KJZ9ygtvYC0/UYYLI9nmQKLMnydpB9yvbv9K1uSkEu7FU9vYPmVwLg328tX+ot3Q==
  dependencies:
    call-bind "^1.0.7"
    define-properties "^1.2.1"

object-keys@^1.1.1:
  version "1.1.1"
  resolved "https://registry.yarnpkg.com/object-keys/-/object-keys-1.1.1.tgz#1c47f272df277f3b1daf061677d9c82e2322c60e"
  integrity sha512-NuAESUOUMrlIXOfHKzD6bpPu3tYt3xvjNdRIQ+FeT0lNb4K8WR70CaDxhuNguS2XG+GjkyMwOzsN5ZktImfhLA==

pako@^0.2.5:
  version "0.2.9"
  resolved "https://registry.yarnpkg.com/pako/-/pako-0.2.9.tgz#f3f7522f4ef782348da8161bad9ecfd51bf83a75"
  integrity sha512-NUcwaKxUxWrZLpDG+z/xZaCgQITkA/Dv4V/T6bw7VON6l1Xz/VnrBqrYjZQ12TamKHzITTfOEIYUj48y2KXImA==

pdfmake@^0.2.16:
  version "0.2.16"
  resolved "https://registry.yarnpkg.com/pdfmake/-/pdfmake-0.2.16.tgz#5001538ad16e347aa21c12b1bdc0440015f7bdf7"
  integrity sha512-oCHFIAVybjCkeU1ZCY5fB6BxOZ7ofeinN/sYfgPBny7Frx+8GbxNkEuuvZGj70Xn8/9kUhKZ84Q9S6qxj5eq5Q==
  dependencies:
    "@foliojs-fork/linebreak" "^1.1.2"
    "@foliojs-fork/pdfkit" "^0.15.2"
    iconv-lite "^0.6.3"
    xmldoc "^1.3.0"

png-js@^1.0.0:
  version "1.0.0"
  resolved "https://registry.yarnpkg.com/png-js/-/png-js-1.0.0.tgz#e5484f1e8156996e383aceebb3789fd75df1874d"
  integrity sha512-k+YsbhpA9e+EFfKjTCH3VW6aoKlyNYI6NYdTfDL4CIvFnvsuO84ttonmZE7rc+v23SLTH8XX+5w/Ak9v0xGY4g==

prop-types@^15.8.1:
  version "15.8.1"
  resolved "https://registry.yarnpkg.com/prop-types/-/prop-types-15.8.1.tgz#67d87bf1a694f48435cf332c24af10214a3140b5"
  integrity sha512-oj87CgZICdulUohogVAR7AjlC0327U4el4L6eAvOqCeudMDVU0NThNaV+b9Df4dXgSP1gXMTnPdhfe/2qDH5cg==
  dependencies:
    loose-envify "^1.4.0"
    object-assign "^4.1.1"
    react-is "^16.13.1"

property-expr@^2.0.5:
  version "2.0.6"
  resolved "https://registry.yarnpkg.com/property-expr/-/property-expr-2.0.6.tgz#f77bc00d5928a6c748414ad12882e83f24aec1e8"
  integrity sha512-SVtmxhRE/CGkn3eZY1T6pC8Nln6Fr/lu1mKSgRud0eC73whjGfoAogbn78LkD8aFL0zz3bAFerKSnOl7NlErBA==

react-datepicker@^7.5.0:
  version "7.5.0"
  resolved "https://registry.yarnpkg.com/react-datepicker/-/react-datepicker-7.5.0.tgz#e7b1014a6dbd3b314839a5c57a6dacfbb16074e4"
  integrity sha512-6MzeamV8cWSOcduwePHfGqY40acuGlS1cG//ePHT6bVbLxWyqngaStenfH03n1wbzOibFggF66kWaBTb1SbTtQ==
  dependencies:
    "@floating-ui/react" "^0.26.23"
    clsx "^2.1.1"
    date-fns "^3.6.0"
    prop-types "^15.8.1"

react-input-mask@^2.0.4:
  version "2.0.4"
  resolved "https://registry.yarnpkg.com/react-input-mask/-/react-input-mask-2.0.4.tgz#9ade5cf8196f4a856dbf010820fe75a795f3eb14"
  integrity sha512-1hwzMr/aO9tXfiroiVCx5EtKohKwLk/NT8QlJXHQ4N+yJJFyUuMT+zfTpLBwX/lK3PkuMlievIffncpMZ3HGRQ==
  dependencies:
    invariant "^2.2.4"
    warning "^4.0.2"

react-is@^16.13.1:
  version "16.13.1"
  resolved "https://registry.yarnpkg.com/react-is/-/react-is-16.13.1.tgz#789729a4dc36de2999dc156dd6c1d9c18cea56a4"
  integrity sha512-24e6ynE2H+OKt4kqsOvNd8kBpV65zoxbA4BVsEOB3ARVWQki/DHzaUoC5KuON/BiccDaCCTZBuOcfZs70kR8bQ==

regexp.prototype.flags@^1.5.1:
  version "1.5.3"
  resolved "https://registry.yarnpkg.com/regexp.prototype.flags/-/regexp.prototype.flags-1.5.3.tgz#b3ae40b1d2499b8350ab2c3fe6ef3845d3a96f42"
  integrity sha512-vqlC04+RQoFalODCbCumG2xIOvapzVMHwsyIGM/SIE8fRhFFsXeH8/QQ+s0T0kDAhKc4k30s73/0ydkHQz6HlQ==
  dependencies:
    call-bind "^1.0.7"
    define-properties "^1.2.1"
    es-errors "^1.3.0"
    set-function-name "^2.0.2"

"safer-buffer@>= 2.1.2 < 3.0.0":
  version "2.1.2"
  resolved "https://registry.yarnpkg.com/safer-buffer/-/safer-buffer-2.1.2.tgz#44fa161b0187b9549dd84bb91802f9bd8385cd6a"
  integrity sha512-YZo3K82SD7Riyi0E1EQPojLz7kpepnSQI9IyPbHHg1XXXevb5dJI7tpyN2ADxGcQbHG7vcyRHk0cbwqcQriUtg==

sax@^1.2.4:
  version "1.4.1"
  resolved "https://registry.yarnpkg.com/sax/-/sax-1.4.1.tgz#44cc8988377f126304d3b3fc1010c733b929ef0f"
  integrity sha512-+aWOz7yVScEGoKNd4PA10LZ8sk0A/z5+nXQG5giUO5rprX9jgYsTdov9qCchZiPIZezbZH+jRut8nPodFAX4Jg==

set-function-length@^1.2.2:
  version "1.2.2"
  resolved "https://registry.yarnpkg.com/set-function-length/-/set-function-length-1.2.2.tgz#aac72314198eaed975cf77b2c3b6b880695e5449"
  integrity sha512-pgRc4hJ4/sNjWCSS9AmnS40x3bNMDTknHgL5UaMBTMyJnU90EgWh1Rz+MC9eFu4BuN/UwZjKQuY/1v3rM7HMfg==
  dependencies:
    define-data-property "^1.1.4"
    es-errors "^1.3.0"
    function-bind "^1.1.2"
    get-intrinsic "^1.2.4"
    gopd "^1.0.1"
    has-property-descriptors "^1.0.2"

set-function-name@^2.0.2:
  version "2.0.2"
  resolved "https://registry.yarnpkg.com/set-function-name/-/set-function-name-2.0.2.tgz#16a705c5a0dc2f5e638ca96d8a8cd4e1c2b90985"
  integrity sha512-7PGFlmtwsEADb0WYyvCMa1t+yke6daIG4Wirafur5kcf+MhUnPms1UeR0CKQdTZD81yESwMHbtn+TR+dMviakQ==
  dependencies:
    define-data-property "^1.1.4"
    es-errors "^1.3.0"
    functions-have-names "^1.2.3"
    has-property-descriptors "^1.0.2"

tabbable@^6.0.0:
  version "6.2.0"
  resolved "https://registry.yarnpkg.com/tabbable/-/tabbable-6.2.0.tgz#732fb62bc0175cfcec257330be187dcfba1f3b97"
  integrity sha512-Cat63mxsVJlzYvN51JmVXIgNoUokrIaT2zLclCXjRd8boZ0004U4KCs/sToJ75C6sdlByWxpYnb5Boif1VSFew==

tiny-case@^1.0.3:
  version "1.0.3"
  resolved "https://registry.yarnpkg.com/tiny-case/-/tiny-case-1.0.3.tgz#d980d66bc72b5d5a9ca86fb7c9ffdb9c898ddd03"
  integrity sha512-Eet/eeMhkO6TX8mnUteS9zgPbUMQa4I6Kkp5ORiBD5476/m+PIRiumP5tmh5ioJpH7k51Kehawy2UDfsnxxY8Q==

tiny-inflate@^1.0.0, tiny-inflate@^1.0.2:
  version "1.0.3"
  resolved "https://registry.yarnpkg.com/tiny-inflate/-/tiny-inflate-1.0.3.tgz#122715494913a1805166aaf7c93467933eea26c4"
  integrity sha512-pkY1fj1cKHb2seWDy0B16HeWyczlJA9/WW3u3c4z/NiWDsO3DOU5D7nhTLE9CF0yXv/QZFY7sEJmj24dK+Rrqw==

toposort@^2.0.2:
  version "2.0.2"
  resolved "https://registry.yarnpkg.com/toposort/-/toposort-2.0.2.tgz#ae21768175d1559d48bef35420b2f4962f09c330"
  integrity sha512-0a5EOkAUp8D4moMi2W8ZF8jcga7BgZd91O/yabJCFY8az+XSzeGyTKs0Aoo897iV1Nj6guFq8orWDS96z91oGg==

type-fest@^2.19.0:
  version "2.19.0"
  resolved "https://registry.yarnpkg.com/type-fest/-/type-fest-2.19.0.tgz#88068015bb33036a598b952e55e9311a60fd3a9b"
  integrity sha512-RAH822pAdBgcNMAfWnCBU3CFZcfZ/i1eZjwFU/dsLKumyuuP3niueg2UAukXYF0E2AAoc82ZSSf9J0WQBinzHA==

unicode-properties@^1.2.2:
  version "1.4.1"
  resolved "https://registry.yarnpkg.com/unicode-properties/-/unicode-properties-1.4.1.tgz#96a9cffb7e619a0dc7368c28da27e05fc8f9be5f"
  integrity sha512-CLjCCLQ6UuMxWnbIylkisbRj31qxHPAurvena/0iwSVbQ2G1VY5/HjV0IRabOEbDHlzZlRdCrD4NhB0JtU40Pg==
  dependencies:
    base64-js "^1.3.0"
    unicode-trie "^2.0.0"

unicode-trie@^2.0.0:
  version "2.0.0"
  resolved "https://registry.yarnpkg.com/unicode-trie/-/unicode-trie-2.0.0.tgz#8fd8845696e2e14a8b67d78fa9e0dd2cad62fec8"
  integrity sha512-x7bc76x0bm4prf1VLg79uhAzKw8DVboClSN5VxJuQ+LKDOVEW9CdH+VY7SP+vX7xCYQqzzgQpFqz15zeLvAtZQ==
  dependencies:
    pako "^0.2.5"
    tiny-inflate "^1.0.0"

warning@^4.0.2:
  version "4.0.3"
  resolved "https://registry.yarnpkg.com/warning/-/warning-4.0.3.tgz#16e9e077eb8a86d6af7d64aa1e05fd85b4678ca3"
  integrity sha512-rpJyN222KWIvHJ/F53XSZv0Zl/accqHR8et1kpaMTD/fLCRxtV8iX8czMzY7sVZupTI3zcUTg8eycS2kNF9l6w==
  dependencies:
    loose-envify "^1.0.0"

xmldoc@^1.3.0:
  version "1.3.0"
  resolved "https://registry.yarnpkg.com/xmldoc/-/xmldoc-1.3.0.tgz#7823225b096c74036347c9ec5924d06b6a3cebab"
  integrity sha512-y7IRWW6PvEnYQZNZFMRLNJw+p3pezM4nKYPfr15g4OOW9i8VpeydycFuipE2297OvZnh3jSb2pxOt9QpkZUVng==
  dependencies:
    sax "^1.2.4"

yup@^1.6.0:
  version "1.6.0"
  resolved "https://registry.yarnpkg.com/yup/-/yup-1.6.0.tgz#70d4e81ed7b73564f86efa25c7c469cadcabf665"
  integrity sha512-/dny6arMf5CV6ZPAGpXYVw0wR8qcDF15H8zILTQWoRf6jHN1nJNFL1IAlFfUMlO7QGifMVHZle/l8YJdxtWfxg==
  dependencies:
    property-expr "^2.0.5"
    tiny-case "^1.0.3"
    toposort "^2.0.2"
    type-fest "^2.19.0"
